
Microsoft Visual Studio Solution File, Format Version 12.00
# Visual Studio 15
Project("{FAE04EC0-301F-11D3-BF4B-00C04F79EFBC}") = "Assembly-CSharp", "Assembly-CSharp.csproj", "{CEDA4C99-2E51-19D4-DCE9-3F4379B54D85}"
EndProject
Global
	GlobalSection(SolutionConfigurationPlatforms) = preSolution
		Debug|Any CPU = Debug|Any CPU
		Release|Any CPU = Release|Any CPU
	EndGlobalSection
	GlobalSection(ProjectConfigurationPlatforms) = postSolution
		{CEDA4C99-2E51-19D4-DCE9-3F4379B54D85}.Debug|Any CPU.ActiveCfg = Debug|Any CPU
		{CEDA4C99-2E51-19D4-DCE9-3F4379B54D85}.Debug|Any CPU.Build.0 = Debug|Any CPU
		{CEDA4C99-2E51-19D4-DCE9-3F4379B54D85}.Release|Any CPU.ActiveCfg = Release|Any CPU
		{CEDA4C99-2E51-19D4-DCE9-3F4379B54D85}.Release|Any CPU.Build.0 = Release|Any CPU
	EndGlobalSection
	GlobalSection(SolutionProperties) = preSolution
		HideSolutionNode = FALSE
	EndGlobalSection
EndGlobal
